
Microsoft Visual Studio Solution File, Format Version 12.00
# Visual Studio Version 16
VisualStudioVersion = 16.0.29905.134
MinimumVisualStudioVersion = 10.0.40219.1
Project("{FAE04EC0-301F-11D3-BF4B-00C04F79EFBC}") = "RabbitMq.Trigger.Extension", "src\RabbitMq.Trigger.Extension\RabbitMq.Trigger.Extension.csproj", "{FE83CBEE-06B3-494C-A70C-7A63F540352F}"
EndProject
Global
	GlobalSection(SolutionConfigurationPlatforms) = preSolution
		Debug|Any CPU = Debug|Any CPU
		Release|Any CPU = Release|Any CPU
	EndGlobalSection
	GlobalSection(ProjectConfigurationPlatforms) = postSolution
		{FE83CBEE-06B3-494C-A70C-7A63F540352F}.Debug|Any CPU.ActiveCfg = Debug|Any CPU
		{FE83CBEE-06B3-494C-A70C-7A63F540352F}.Debug|Any CPU.Build.0 = Debug|Any CPU
		{FE83CBEE-06B3-494C-A70C-7A63F540352F}.Release|Any CPU.ActiveCfg = Release|Any CPU
		{FE83CBEE-06B3-494C-A70C-7A63F540352F}.Release|Any CPU.Build.0 = Release|Any CPU
	EndGlobalSection
	GlobalSection(SolutionProperties) = preSolution
		HideSolutionNode = FALSE
	EndGlobalSection
	GlobalSection(ExtensibilityGlobals) = postSolution
		SolutionGuid = {12C35098-A306-424E-A427-B591C0184705}
	EndGlobalSection
EndGlobal
